// !$*UTF8*$!
{
	archiveVersion = 1;
	classes = {
	};
	objectVersion = 77;
	objects = {

/* Begin PBXBuildFile section */
		3FC9CA782E79C1B80097A3D3 /* QRCode in Frameworks */ = {isa = PBXBuildFile; productRef = 3FC9CA772E79C1B80097A3D3 /* QRCode */; };
		3FC9CA7A2E79C1B80097A3D3 /* QRCodeDetector in Frameworks */ = {isa = PBXBuildFile; productRef = 3FC9CA792E79C1B80097A3D3 /* QRCodeDetector */; };
		3FC9CA7E2E79C1B80097A3D3 /* QRCodeStatic in Frameworks */ = {isa = PBXBuildFile; productRef = 3FC9CA7D2E79C1B80097A3D3 /* QRCodeStatic */; };
		3FC9CA7F2E79C1F20097A3D3 /* QRCodeDetector in Embed Frameworks */ = {isa = PBXBuildFile; productRef = 3FC9CA792E79C1B80097A3D3 /* QRCodeDetector */; settings = {ATTRIBUTES = (CodeSignOnCopy, ); }; };
/* End PBXBuildFile section */

/* Begin PBXContainerItemProxy section */
		3FA53C212E79BE0600531B3B /* PBXContainerItemProxy */ = {
			isa = PBXContainerItemProxy;
			containerPortal = 3FA53C0B2E79BE0400531B3B /* Project object */;
			proxyType = 1;
			remoteGlobalIDString = 3FA53C122E79BE0400531B3B;
			remoteInfo = Profile;
		};
		3FA53C2B2E79BE0600531B3B /* PBXContainerItemProxy */ = {
			isa = PBXContainerItemProxy;
			containerPortal = 3FA53C0B2E79BE0400531B3B /* Project object */;
			proxyType = 1;
			remoteGlobalIDString = 3FA53C122E79BE0400531B3B;
			remoteInfo = Profile;
		};
/* End PBXContainerItemProxy section */

/* Begin PBXCopyFilesBuildPhase section */
		3FC9CA802E79C1F20097A3D3 /* Embed Frameworks */ = {
			isa = PBXCopyFilesBuildPhase;
			buildActionMask = 2147483647;
			dstPath = "";
			dstSubfolderSpec = 10;
			files = (
				3FC9CA7F2E79C1F20097A3D3 /* QRCodeDetector in Embed Frameworks */,
			);
			name = "Embed Frameworks";
			runOnlyForDeploymentPostprocessing = 0;
		};
/* End PBXCopyFilesBuildPhase section */

/* Begin PBXFileReference section */
		3FA53C132E79BE0400531B3B /* Profile.app */ = {isa = PBXFileReference; explicitFileType = wrapper.application; includeInIndex = 0; path = Profile.app; sourceTree = BUILT_PRODUCTS_DIR; };
		3FA53C202E79BE0600531B3B /* ProfileTests.xctest */ = {isa = PBXFileReference; explicitFileType = wrapper.cfbundle; includeInIndex = 0; path = ProfileTests.xctest; sourceTree = BUILT_PRODUCTS_DIR; };
		3FA53C2A2E79BE0600531B3B /* ProfileUITests.xctest */ = {isa = PBXFileReference; explicitFileType = wrapper.cfbundle; includeInIndex = 0; path = ProfileUITests.xctest; sourceTree = BUILT_PRODUCTS_DIR; };
/* End PBXFileReference section */

/* Begin PBXFileSystemSynchronizedRootGroup section */
		3FA53C152E79BE0400531B3B /* Profile */ = {
			isa = PBXFileSystemSynchronizedRootGroup;
			path = Profile;
			sourceTree = "<group>";
		};
		3FA53C232E79BE0600531B3B /* ProfileTests */ = {
			isa = PBXFileSystemSynchronizedRootGroup;
			path = ProfileTests;
			sourceTree = "<group>";
		};
		3FA53C2D2E79BE0600531B3B /* ProfileUITests */ = {
			isa = PBXFileSystemSynchronizedRootGroup;
			path = ProfileUITests;
			sourceTree = "<group>";
		};
/* End PBXFileSystemSynchronizedRootGroup section */

/* Begin PBXFrameworksBuildPhase section */
		3FA53C102E79BE0400531B3B /* Frameworks */ = {
			isa = PBXFrameworksBuildPhase;
			buildActionMask = 2147483647;
			files = (
				3FC9CA7A2E79C1B80097A3D3 /* QRCodeDetector in Frameworks */,
				3FC9CA782E79C1B80097A3D3 /* QRCode in Frameworks */,
				3FC9CA7E2E79C1B80097A3D3 /* QRCodeStatic in Frameworks */,
			);
			runOnlyForDeploymentPostprocessing = 0;
		};
		3FA53C1D2E79BE0600531B3B /* Frameworks */ = {
			isa = PBXFrameworksBuildPhase;
			buildActionMask = 2147483647;
			files = (
			);
			runOnlyForDeploymentPostprocessing = 0;
		};
		3FA53C272E79BE0600531B3B /* Frameworks */ = {
			isa = PBXFrameworksBuildPhase;
			buildActionMask = 2147483647;
			files = (
			);
			runOnlyForDeploymentPostprocessing = 0;
		};
/* End PBXFrameworksBuildPhase section */

/* Begin PBXGroup section */
		3FA53C0A2E79BE0400531B3B = {
			isa = PBXGroup;
			children = (
				3FA53C152E79BE0400531B3B /* Profile */,
				3FA53C232E79BE0600531B3B /* ProfileTests */,
				3FA53C2D2E79BE0600531B3B /* ProfileUITests */,
				3FA53C142E79BE0400531B3B /* Products */,
			);
			sourceTree = "<group>";
		};
		3FA53C142E79BE0400531B3B /* Products */ = {
			isa = PBXGroup;
			children = (
				3FA53C132E79BE0400531B3B /* Profile.app */,
				3FA53C202E79BE0600531B3B /* ProfileTests.xctest */,
				3FA53C2A2E79BE0600531B3B /* ProfileUITests.xctest */,
			);
			name = Products;
			sourceTree = "<group>";
		};
/* End PBXGroup section */

/* Begin PBXNativeTarget section */
		3FA53C122E79BE0400531B3B /* Profile */ = {
			isa = PBXNativeTarget;
			buildConfigurationList = 3FA53C342E79BE0600531B3B /* Build configuration list for PBXNativeTarget "Profile" */;
			buildPhases = (
				3FA53C0F2E79BE0400531B3B /* Sources */,
				3FA53C102E79BE0400531B3B /* Frameworks */,
				3FA53C112E79BE0400531B3B /* Resources */,
				3FC9CA802E79C1F20097A3D3 /* Embed Frameworks */,
			);
			buildRules = (
			);
			dependencies = (
			);
			fileSystemSynchronizedGroups = (
				3FA53C152E79BE0400531B3B /* Profile */,
			);
			name = Profile;
			packageProductDependencies = (
				3FC9CA772E79C1B80097A3D3 /* QRCode */,
				3FC9CA792E79C1B80097A3D3 /* QRCodeDetector */,
				3FC9CA7D2E79C1B80097A3D3 /* QRCodeStatic */,
			);
			productName = Profile;
			productReference = 3FA53C132E79BE0400531B3B /* Profile.app */;
			productType = "com.apple.product-type.application";
		};
		3FA53C1F2E79BE0600531B3B /* ProfileTests */ = {
			isa = PBXNativeTarget;
			buildConfigurationList = 3FA53C372E79BE0600531B3B /* Build configuration list for PBXNativeTarget "ProfileTests" */;
			buildPhases = (
				3FA53C1C2E79BE0600531B3B /* Sources */,
				3FA53C1D2E79BE0600531B3B /* Frameworks */,
				3FA53C1E2E79BE0600531B3B /* Resources */,
			);
			buildRules = (
			);
			dependencies = (
				3FA53C222E79BE0600531B3B /* PBXTargetDependency */,
			);
			fileSystemSynchronizedGroups = (
				3FA53C232E79BE0600531B3B /* ProfileTests */,
			);
			name = ProfileTests;
			packageProductDependencies = (
			);
			productName = ProfileTests;
			productReference = 3FA53C202E79BE0600531B3B /* ProfileTests.xctest */;
			productType = "com.apple.product-type.bundle.unit-test";
		};
		3FA53C292E79BE0600531B3B /* ProfileUITests */ = {
			isa = PBXNativeTarget;
			buildConfigurationList = 3FA53C3A2E79BE0600531B3B /* Build configuration list for PBXNativeTarget "ProfileUITests" */;
			buildPhases = (
				3FA53C262E79BE0600531B3B /* Sources */,
				3FA53C272E79BE0600531B3B /* Frameworks */,
				3FA53C282E79BE0600531B3B /* Resources */,
			);
			buildRules = (
			);
			dependencies = (
				3FA53C2C2E79BE0600531B3B /* PBXTargetDependency */,
			);
			fileSystemSynchronizedGroups = (
				3FA53C2D2E79BE0600531B3B /* ProfileUITests */,
			);
			name = ProfileUITests;
			packageProductDependencies = (
			);
			productName = ProfileUITests;
			productReference = 3FA53C2A2E79BE0600531B3B /* ProfileUITests.xctest */;
			productType = "com.apple.product-type.bundle.ui-testing";
		};
/* End PBXNativeTarget section */

/* Begin PBXProject section */
		3FA53C0B2E79BE0400531B3B /* Project object */ = {
			isa = PBXProject;
			attributes = {
				BuildIndependentTargetsInParallel = 1;
				LastSwiftUpdateCheck = 2600;
				LastUpgradeCheck = 2600;
				TargetAttributes = {
					3FA53C122E79BE0400531B3B = {
						CreatedOnToolsVersion = 26.0;
					};
					3FA53C1F2E79BE0600531B3B = {
						CreatedOnToolsVersion = 26.0;
						TestTargetID = 3FA53C122E79BE0400531B3B;
					};
					3FA53C292E79BE0600531B3B = {
						CreatedOnToolsVersion = 26.0;
						TestTargetID = 3FA53C122E79BE0400531B3B;
					};
				};
			};
			buildConfigurationList = 3FA53C0E2E79BE0400531B3B /* Build configuration list for PBXProject "Profile" */;
			developmentRegion = en;
			hasScannedForEncodings = 0;
			knownRegions = (
				en,
				Base,
			);
			mainGroup = 3FA53C0A2E79BE0400531B3B;
			minimizedProjectReferenceProxies = 1;
			packageReferences = (
				3FC9CA762E79C1B80097A3D3 /* XCRemoteSwiftPackageReference "qrcode" */,
			);
			preferredProjectObjectVersion = 77;
			productRefGroup = 3FA53C142E79BE0400531B3B /* Products */;
			projectDirPath = "";
			projectRoot = "";
			targets = (
				3FA53C122E79BE0400531B3B /* Profile */,
				3FA53C1F2E79BE0600531B3B /* ProfileTests */,
				3FA53C292E79BE0600531B3B /* ProfileUITests */,
			);
		};
/* End PBXProject section */

/* Begin PBXResourcesBuildPhase section */
		3FA53C112E79BE0400531B3B /* Resources */ = {
			isa = PBXResourcesBuildPhase;
			buildActionMask = 2147483647;
			files = (
			);
			runOnlyForDeploymentPostprocessing = 0;
		};
		3FA53C1E2E79BE0600531B3B /* Resources */ = {
			isa = PBXResourcesBuildPhase;
			buildActionMask = 2147483647;
			files = (
			);
			runOnlyForDeploymentPostprocessing = 0;
		};
		3FA53C282E79BE0600531B3B /* Resources */ = {
			isa = PBXResourcesBuildPhase;
			buildActionMask = 2147483647;
			files = (
			);
			runOnlyForDeploymentPostprocessing = 0;
		};
/* End PBXResourcesBuildPhase section */

/* Begin PBXSourcesBuildPhase section */
		3FA53C0F2E79BE0400531B3B /* Sources */ = {
			isa = PBXSourcesBuildPhase;
			buildActionMask = 2147483647;
			files = (
			);
			runOnlyForDeploymentPostprocessing = 0;
		};
		3FA53C1C2E79BE0600531B3B /* Sources */ = {
			isa = PBXSourcesBuildPhase;
			buildActionMask = 2147483647;
			files = (
			);
			runOnlyForDeploymentPostprocessing = 0;
		};
		3FA53C262E79BE0600531B3B /* Sources */ = {
			isa = PBXSourcesBuildPhase;
			buildActionMask = 2147483647;
			files = (
			);
			runOnlyForDeploymentPostprocessing = 0;
		};
/* End PBXSourcesBuildPhase section */

/* Begin PBXTargetDependency section */
		3FA53C222E79BE0600531B3B /* PBXTargetDependency */ = {
			isa = PBXTargetDependency;
			target = 3FA53C122E79BE0400531B3B /* Profile */;
			targetProxy = 3FA53C212E79BE0600531B3B /* PBXContainerItemProxy */;
		};
		3FA53C2C2E79BE0600531B3B /* PBXTargetDependency */ = {
			isa = PBXTargetDependency;
			target = 3FA53C122E79BE0400531B3B /* Profile */;
			targetProxy = 3FA53C2B2E79BE0600531B3B /* PBXContainerItemProxy */;
		};
/* End PBXTargetDependency section */

/* Begin XCBuildConfiguration section */
		3FA53C322E79BE0600531B3B /* Debug */ = {
			isa = XCBuildConfiguration;
			buildSettings = {
				ALWAYS_SEARCH_USER_PATHS = NO;
				ASSETCATALOG_COMPILER_GENERATE_SWIFT_ASSET_SYMBOL_EXTENSIONS = YES;
				CLANG_ANALYZER_NONNULL = YES;
				CLANG_ANALYZER_NUMBER_OBJECT_CONVERSION = YES_AGGRESSIVE;
				CLANG_CXX_LANGUAGE_STANDARD = "gnu++20";
				CLANG_ENABLE_MODULES = YES;
				CLANG_ENABLE_OBJC_ARC = YES;
				CLANG_ENABLE_OBJC_WEAK = YES;
				CLANG_WARN_BLOCK_CAPTURE_AUTORELEASING = YES;
				CLANG_WARN_BOOL_CONVERSION = YES;
				CLANG_WARN_COMMA = YES;
				CLANG_WARN_CONSTANT_CONVERSION = YES;
				CLANG_WARN_DEPRECATED_OBJC_IMPLEMENTATIONS = YES;
				CLANG_WARN_DIRECT_OBJC_ISA_USAGE = YES_ERROR;
				CLANG_WARN_DOCUMENTATION_COMMENTS = YES;
				CLANG_WARN_EMPTY_BODY = YES;
				CLANG_WARN_ENUM_CONVERSION = YES;
				CLANG_WARN_INFINITE_RECURSION = YES;
				CLANG_WARN_INT_CONVERSION = YES;
				CLANG_WARN_NON_LITERAL_NULL_CONVERSION = YES;
				CLANG_WARN_OBJC_IMPLICIT_RETAIN_SELF = YES;
				CLANG_WARN_OBJC_LITERAL_CONVERSION = YES;
				CLANG_WARN_OBJC_ROOT_CLASS = YES_ERROR;
				CLANG_WARN_QUOTED_INCLUDE_IN_FRAMEWORK_HEADER = YES;
				CLANG_WARN_RANGE_LOOP_ANALYSIS = YES;
				CLANG_WARN_STRICT_PROTOTYPES = YES;
				CLANG_WARN_SUSPICIOUS_MOVE = YES;
				CLANG_WARN_UNGUARDED_AVAILABILITY = YES_AGGRESSIVE;
				CLANG_WARN_UNREACHABLE_CODE = YES;
				CLANG_WARN__DUPLICATE_METHOD_MATCH = YES;
				COPY_PHASE_STRIP = NO;
				DEBUG_INFORMATION_FORMAT = dwarf;
				DEVELOPMENT_TEAM = B58T472MM3;
				ENABLE_STRICT_OBJC_MSGSEND = YES;
				ENABLE_TESTABILITY = YES;
				ENABLE_USER_SCRIPT_SANDBOXING = YES;
				GCC_C_LANGUAGE_STANDARD = gnu17;
				GCC_DYNAMIC_NO_PIC = NO;
				GCC_NO_COMMON_BLOCKS = YES;
				GCC_OPTIMIZATION_LEVEL = 0;
				GCC_PREPROCESSOR_DEFINITIONS = (
					"DEBUG=1",
					"$(inherited)",
				);
				GCC_WARN_64_TO_32_BIT_CONVERSION = YES;
				GCC_WARN_ABOUT_RETURN_TYPE = YES_ERROR;
				GCC_WARN_UNDECLARED_SELECTOR = YES;
				GCC_WARN_UNINITIALIZED_AUTOS = YES_AGGRESSIVE;
				GCC_WARN_UNUSED_FUNCTION = YES;
				GCC_WARN_UNUSED_VARIABLE = YES;
				IPHONEOS_DEPLOYMENT_TARGET = 26.0;
				LOCALIZATION_PREFERS_STRING_CATALOGS = YES;
				MTL_ENABLE_DEBUG_INFO = INCLUDE_SOURCE;
				MTL_FAST_MATH = YES;
				ONLY_ACTIVE_ARCH = YES;
				SDKROOT = iphoneos;
				SWIFT_ACTIVE_COMPILATION_CONDITIONS = "DEBUG $(inherited)";
				SWIFT_OPTIMIZATION_LEVEL = "-Onone";
			};
			name = Debug;
		};
		3FA53C332E79BE0600531B3B /* Release */ = {
			isa = XCBuildConfiguration;
			buildSettings = {
				ALWAYS_SEARCH_USER_PATHS = NO;
				ASSETCATALOG_COMPILER_GENERATE_SWIFT_ASSET_SYMBOL_EXTENSIONS = YES;
				CLANG_ANALYZER_NONNULL = YES;
				CLANG_ANALYZER_NUMBER_OBJECT_CONVERSION = YES_AGGRESSIVE;
				CLANG_CXX_LANGUAGE_STANDARD = "gnu++20";
				CLANG_ENABLE_MODULES = YES;
				CLANG_ENABLE_OBJC_ARC = YES;
				CLANG_ENABLE_OBJC_WEAK = YES;
				CLANG_WARN_BLOCK_CAPTURE_AUTORELEASING = YES;
				CLANG_WARN_BOOL_CONVERSION = YES;
				CLANG_WARN_COMMA = YES;
				CLANG_WARN_CONSTANT_CONVERSION = YES;
				CLANG_WARN_DEPRECATED_OBJC_IMPLEMENTATIONS = YES;
				CLANG_WARN_DIRECT_OBJC_ISA_USAGE = YES_ERROR;
				CLANG_WARN_DOCUMENTATION_COMMENTS = YES;
				CLANG_WARN_EMPTY_BODY = YES;
				CLANG_WARN_ENUM_CONVERSION = YES;
				CLANG_WARN_INFINITE_RECURSION = YES;
				CLANG_WARN_INT_CONVERSION = YES;
				CLANG_WARN_NON_LITERAL_NULL_CONVERSION = YES;
				CLANG_WARN_OBJC_IMPLICIT_RETAIN_SELF = YES;
				CLANG_WARN_OBJC_LITERAL_CONVERSION = YES;
				CLANG_WARN_OBJC_ROOT_CLASS = YES_ERROR;
				CLANG_WARN_QUOTED_INCLUDE_IN_FRAMEWORK_HEADER = YES;
				CLANG_WARN_RANGE_LOOP_ANALYSIS = YES;
				CLANG_WARN_STRICT_PROTOTYPES = YES;
				CLANG_WARN_SUSPICIOUS_MOVE = YES;
				CLANG_WARN_UNGUARDED_AVAILABILITY = YES_AGGRESSIVE;
				CLANG_WARN_UNREACHABLE_CODE = YES;
				CLANG_WARN__DUPLICATE_METHOD_MATCH = YES;
				COPY_PHASE_STRIP = NO;
				DEBUG_INFORMATION_FORMAT = "dwarf-with-dsym";
				DEVELOPMENT_TEAM = B58T472MM3;
				ENABLE_NS_ASSERTIONS = NO;
				ENABLE_STRICT_OBJC_MSGSEND = YES;
				ENABLE_USER_SCRIPT_SANDBOXING = YES;
				GCC_C_LANGUAGE_STANDARD = gnu17;
				GCC_NO_COMMON_BLOCKS = YES;
				GCC_WARN_64_TO_32_BIT_CONVERSION = YES;
				GCC_WARN_ABOUT_RETURN_TYPE = YES_ERROR;
				GCC_WARN_UNDECLARED_SELECTOR = YES;
				GCC_WARN_UNINITIALIZED_AUTOS = YES_AGGRESSIVE;
				GCC_WARN_UNUSED_FUNCTION = YES;
				GCC_WARN_UNUSED_VARIABLE = YES;
				IPHONEOS_DEPLOYMENT_TARGET = 26.0;
				LOCALIZATION_PREFERS_STRING_CATALOGS = YES;
				MTL_ENABLE_DEBUG_INFO = NO;
				MTL_FAST_MATH = YES;
				SDKROOT = iphoneos;
				SWIFT_COMPILATION_MODE = wholemodule;
				VALIDATE_PRODUCT = YES;
			};
			name = Release;
		};
		3FA53C352E79BE0600531B3B /* Debug */ = {
			isa = XCBuildConfiguration;
			buildSettings = {
				ASSETCATALOG_COMPILER_APPICON_NAME = AppIcon;
				ASSETCATALOG_COMPILER_GLOBAL_ACCENT_COLOR_NAME = AccentColor;
				CODE_SIGN_STYLE = Automatic;
				CURRENT_PROJECT_VERSION = 1;
				DEVELOPMENT_TEAM = B58T472MM3;
				ENABLE_PREVIEWS = YES;
				GENERATE_INFOPLIST_FILE = YES;
				INFOPLIST_KEY_UIApplicationSceneManifest_Generation = YES;
				INFOPLIST_KEY_UIApplicationSupportsIndirectInputEvents = YES;
				INFOPLIST_KEY_UILaunchScreen_Generation = YES;
				INFOPLIST_KEY_UISupportedInterfaceOrientations_iPad = "UIInterfaceOrientationPortrait UIInterfaceOrientationPortraitUpsideDown UIInterfaceOrientationLandscapeLeft UIInterfaceOrientationLandscapeRight";
				INFOPLIST_KEY_UISupportedInterfaceOrientations_iPhone = "UIInterfaceOrientationPortrait UIInterfaceOrientationLandscapeLeft UIInterfaceOrientationLandscapeRight";
				LD_RUNPATH_SEARCH_PATHS = (
					"$(inherited)",
					"@executable_path/Frameworks",
				);
				MARKETING_VERSION = 1.0;
				PRODUCT_BUNDLE_IDENTIFIER = KaitoMuraoka.Profile;
				PRODUCT_NAME = "$(TARGET_NAME)";
				STRING_CATALOG_GENERATE_SYMBOLS = YES;
				SWIFT_APPROACHABLE_CONCURRENCY = YES;
				SWIFT_DEFAULT_ACTOR_ISOLATION = MainActor;
				SWIFT_EMIT_LOC_STRINGS = YES;
				SWIFT_UPCOMING_FEATURE_MEMBER_IMPORT_VISIBILITY = YES;
				SWIFT_VERSION = 5.0;
				TARGETED_DEVICE_FAMILY = "1,2";
			};
			name = Debug;
		};
		3FA53C362E79BE0600531B3B /* Release */ = {
			isa = XCBuildConfiguration;
			buildSettings = {
				ASSETCATALOG_COMPILER_APPICON_NAME = AppIcon;
				ASSETCATALOG_COMPILER_GLOBAL_ACCENT_COLOR_NAME = AccentColor;
				CODE_SIGN_STYLE = Automatic;
				CURRENT_PROJECT_VERSION = 1;
				DEVELOPMENT_TEAM = B58T472MM3;
				ENABLE_PREVIEWS = YES;
				GENERATE_INFOPLIST_FILE = YES;
				INFOPLIST_KEY_UIApplicationSceneManifest_Generation = YES;
				INFOPLIST_KEY_UIApplicationSupportsIndirectInputEvents = YES;
				INFOPLIST_KEY_UILaunchScreen_Generation = YES;
				INFOPLIST_KEY_UISupportedInterfaceOrientations_iPad = "UIInterfaceOrientationPortrait UIInterfaceOrientationPortraitUpsideDown UIInterfaceOrientationLandscapeLeft UIInterfaceOrientationLandscapeRight";
				INFOPLIST_KEY_UISupportedInterfaceOrientations_iPhone = "UIInterfaceOrientationPortrait UIInterfaceOrientationLandscapeLeft UIInterfaceOrientationLandscapeRight";
				LD_RUNPATH_SEARCH_PATHS = (
					"$(inherited)",
					"@executable_path/Frameworks",
				);
				MARKETING_VERSION = 1.0;
				PRODUCT_BUNDLE_IDENTIFIER = KaitoMuraoka.Profile;
				PRODUCT_NAME = "$(TARGET_NAME)";
				STRING_CATALOG_GENERATE_SYMBOLS = YES;
				SWIFT_APPROACHABLE_CONCURRENCY = YES;
				SWIFT_DEFAULT_ACTOR_ISOLATION = MainActor;
				SWIFT_EMIT_LOC_STRINGS = YES;
				SWIFT_UPCOMING_FEATURE_MEMBER_IMPORT_VISIBILITY = YES;
				SWIFT_VERSION = 5.0;
				TARGETED_DEVICE_FAMILY = "1,2";
			};
			name = Release;
		};
		3FA53C382E79BE0600531B3B /* Debug */ = {
			isa = XCBuildConfiguration;
			buildSettings = {
				BUNDLE_LOADER = "$(TEST_HOST)";
				CODE_SIGN_STYLE = Automatic;
				CURRENT_PROJECT_VERSION = 1;
				DEVELOPMENT_TEAM = B58T472MM3;
				GENERATE_INFOPLIST_FILE = YES;
				IPHONEOS_DEPLOYMENT_TARGET = 26.0;
				MARKETING_VERSION = 1.0;
				PRODUCT_BUNDLE_IDENTIFIER = KaitoMuraoka.ProfileTests;
				PRODUCT_NAME = "$(TARGET_NAME)";
				STRING_CATALOG_GENERATE_SYMBOLS = NO;
				SWIFT_APPROACHABLE_CONCURRENCY = YES;
				SWIFT_EMIT_LOC_STRINGS = NO;
				SWIFT_UPCOMING_FEATURE_MEMBER_IMPORT_VISIBILITY = YES;
				SWIFT_VERSION = 5.0;
				TARGETED_DEVICE_FAMILY = "1,2";
				TEST_HOST = "$(BUILT_PRODUCTS_DIR)/Profile.app/$(BUNDLE_EXECUTABLE_FOLDER_PATH)/Profile";
			};
			name = Debug;
		};
		3FA53C392E79BE0600531B3B /* Release */ = {
			isa = XCBuildConfiguration;
			buildSettings = {
				BUNDLE_LOADER = "$(TEST_HOST)";
				CODE_SIGN_STYLE = Automatic;
				CURRENT_PROJECT_VERSION = 1;
				DEVELOPMENT_TEAM = B58T472MM3;
				GENERATE_INFOPLIST_FILE = YES;
				IPHONEOS_DEPLOYMENT_TARGET = 26.0;
				MARKETING_VERSION = 1.0;
				PRODUCT_BUNDLE_IDENTIFIER = KaitoMuraoka.ProfileTests;
				PRODUCT_NAME = "$(TARGET_NAME)";
				STRING_CATALOG_GENERATE_SYMBOLS = NO;
				SWIFT_APPROACHABLE_CONCURRENCY = YES;
				SWIFT_EMIT_LOC_STRINGS = NO;
				SWIFT_UPCOMING_FEATURE_MEMBER_IMPORT_VISIBILITY = YES;
				SWIFT_VERSION = 5.0;
				TARGETED_DEVICE_FAMILY = "1,2";
				TEST_HOST = "$(BUILT_PRODUCTS_DIR)/Profile.app/$(BUNDLE_EXECUTABLE_FOLDER_PATH)/Profile";
			};
			name = Release;
		};
		3FA53C3B2E79BE0600531B3B /* Debug */ = {
			isa = XCBuildConfiguration;
			buildSettings = {
				CODE_SIGN_STYLE = Automatic;
				CURRENT_PROJECT_VERSION = 1;
				DEVELOPMENT_TEAM = B58T472MM3;
				GENERATE_INFOPLIST_FILE = YES;
				MARKETING_VERSION = 1.0;
				PRODUCT_BUNDLE_IDENTIFIER = KaitoMuraoka.ProfileUITests;
				PRODUCT_NAME = "$(TARGET_NAME)";
				STRING_CATALOG_GENERATE_SYMBOLS = NO;
				SWIFT_APPROACHABLE_CONCURRENCY = YES;
				SWIFT_EMIT_LOC_STRINGS = NO;
				SWIFT_UPCOMING_FEATURE_MEMBER_IMPORT_VISIBILITY = YES;
				SWIFT_VERSION = 5.0;
				TARGETED_DEVICE_FAMILY = "1,2";
				TEST_TARGET_NAME = Profile;
			};
			name = Debug;
		};
		3FA53C3C2E79BE0600531B3B /* Release */ = {
			isa = XCBuildConfiguration;
			buildSettings = {
				CODE_SIGN_STYLE = Automatic;
				CURRENT_PROJECT_VERSION = 1;
				DEVELOPMENT_TEAM = B58T472MM3;
				GENERATE_INFOPLIST_FILE = YES;
				MARKETING_VERSION = 1.0;
				PRODUCT_BUNDLE_IDENTIFIER = KaitoMuraoka.ProfileUITests;
				PRODUCT_NAME = "$(TARGET_NAME)";
				STRING_CATALOG_GENERATE_SYMBOLS = NO;
				SWIFT_APPROACHABLE_CONCURRENCY = YES;
				SWIFT_EMIT_LOC_STRINGS = NO;
				SWIFT_UPCOMING_FEATURE_MEMBER_IMPORT_VISIBILITY = YES;
				SWIFT_VERSION = 5.0;
				TARGETED_DEVICE_FAMILY = "1,2";
				TEST_TARGET_NAME = Profile;
			};
			name = Release;
		};
/* End XCBuildConfiguration section */

/* Begin XCConfigurationList section */
		3FA53C0E2E79BE0400531B3B /* Build configuration list for PBXProject "Profile" */ = {
			isa = XCConfigurationList;
			buildConfigurations = (
				3FA53C322E79BE0600531B3B /* Debug */,
				3FA53C332E79BE0600531B3B /* Release */,
			);
			defaultConfigurationIsVisible = 0;
			defaultConfigurationName = Release;
		};
		3FA53C342E79BE0600531B3B /* Build configuration list for PBXNativeTarget "Profile" */ = {
			isa = XCConfigurationList;
			buildConfigurations = (
				3FA53C352E79BE0600531B3B /* Debug */,
				3FA53C362E79BE0600531B3B /* Release */,
			);
			defaultConfigurationIsVisible = 0;
			defaultConfigurationName = Release;
		};
		3FA53C372E79BE0600531B3B /* Build configuration list for PBXNativeTarget "ProfileTests" */ = {
			isa = XCConfigurationList;
			buildConfigurations = (
				3FA53C382E79BE0600531B3B /* Debug */,
				3FA53C392E79BE0600531B3B /* Release */,
			);
			defaultConfigurationIsVisible = 0;
			defaultConfigurationName = Release;
		};
		3FA53C3A2E79BE0600531B3B /* Build configuration list for PBXNativeTarget "ProfileUITests" */ = {
			isa = XCConfigurationList;
			buildConfigurations = (
				3FA53C3B2E79BE0600531B3B /* Debug */,
				3FA53C3C2E79BE0600531B3B /* Release */,
			);
			defaultConfigurationIsVisible = 0;
			defaultConfigurationName = Release;
		};
/* End XCConfigurationList section */

/* Begin XCRemoteSwiftPackageReference section */
		3FC9CA762E79C1B80097A3D3 /* XCRemoteSwiftPackageReference "qrcode" */ = {
			isa = XCRemoteSwiftPackageReference;
			repositoryURL = "https://github.com/dagronf/qrcode.git";
			requirement = {
				kind = upToNextMajorVersion;
				minimumVersion = 27.11.0;
			};
		};
/* End XCRemoteSwiftPackageReference section */

/* Begin XCSwiftPackageProductDependency section */
		3FC9CA772E79C1B80097A3D3 /* QRCode */ = {
			isa = XCSwiftPackageProductDependency;
			package = 3FC9CA762E79C1B80097A3D3 /* XCRemoteSwiftPackageReference "qrcode" */;
			productName = QRCode;
		};
		3FC9CA792E79C1B80097A3D3 /* QRCodeDetector */ = {
			isa = XCSwiftPackageProductDependency;
			package = 3FC9CA762E79C1B80097A3D3 /* XCRemoteSwiftPackageReference "qrcode" */;
			productName = QRCodeDetector;
		};
		3FC9CA7D2E79C1B80097A3D3 /* QRCodeStatic */ = {
			isa = XCSwiftPackageProductDependency;
			package = 3FC9CA762E79C1B80097A3D3 /* XCRemoteSwiftPackageReference "qrcode" */;
			productName = QRCodeStatic;
		};
/* End XCSwiftPackageProductDependency section */
	};
	rootObject = 3FA53C0B2E79BE0400531B3B /* Project object */;
}
